
Microsoft Visual Studio Solution File, Format Version 12.00
# Visual Studio Version 16
VisualStudioVersion = 16.0.29215.179
MinimumVisualStudioVersion = 10.0.40219.1
Project("{9A19103F-16F7-4668-BE54-9A1E7A4F7556}") = "IOEdiProcessor", "IOEdiProcessor\IOEdiProcessor.csproj", "{3D69E481-49A8-4168-8ECB-9A01049D7891}"
EndProject
Project("{9A19103F-16F7-4668-BE54-9A1E7A4F7556}") = "IOEdiProcessor.Api", "IOEdiProcessor.Api\IOEdiProcessor.Api.csproj", "{862D708F-1E71-4113-8588-2E07B20A253C}"
EndProject
Global
	GlobalSection(SolutionConfigurationPlatforms) = preSolution
		Debug|Any CPU = Debug|Any CPU
		Release|Any CPU = Release|Any CPU
	EndGlobalSection
	GlobalSection(ProjectConfigurationPlatforms) = postSolution
		{3D69E481-49A8-4168-8ECB-9A01049D7891}.Debug|Any CPU.ActiveCfg = Debug|Any CPU
		{3D69E481-49A8-4168-8ECB-9A01049D7891}.Debug|Any CPU.Build.0 = Debug|Any CPU
		{3D69E481-49A8-4168-8ECB-9A01049D7891}.Release|Any CPU.ActiveCfg = Release|Any CPU
		{3D69E481-49A8-4168-8ECB-9A01049D7891}.Release|Any CPU.Build.0 = Release|Any CPU
		{862D708F-1E71-4113-8588-2E07B20A253C}.Debug|Any CPU.ActiveCfg = Release|Any CPU
		{862D708F-1E71-4113-8588-2E07B20A253C}.Debug|Any CPU.Build.0 = Release|Any CPU
		{862D708F-1E71-4113-8588-2E07B20A253C}.Release|Any CPU.ActiveCfg = Release|Any CPU
		{862D708F-1E71-4113-8588-2E07B20A253C}.Release|Any CPU.Build.0 = Release|Any CPU
	EndGlobalSection
	GlobalSection(SolutionProperties) = preSolution
		HideSolutionNode = FALSE
	EndGlobalSection
	GlobalSection(ExtensibilityGlobals) = postSolution
		SolutionGuid = {1BB0A9DF-B185-40B2-8A3A-7ED5A304DFF3}
	EndGlobalSection
EndGlobal
